
Microsoft Visual Studio Solution File, Format Version 12.00
# Visual Studio Version 16
VisualStudioVersion = 16.0.32413.511
MinimumVisualStudioVersion = 10.0.40219.1
Project("{FAE04EC0-301F-11D3-BF4B-00C04F79EFBC}") = "Homework3", "Homework3\Homework3.csproj", "{70C43D2D-5400-4B3F-A050-7776207F5E9E}"
EndProject
Global
	GlobalSection(SolutionConfigurationPlatforms) = preSolution
		Debug|Any CPU = Debug|Any CPU
		Release|Any CPU = Release|Any CPU
	EndGlobalSection
	GlobalSection(ProjectConfigurationPlatforms) = postSolution
		{70C43D2D-5400-4B3F-A050-7776207F5E9E}.Debug|Any CPU.ActiveCfg = Debug|Any CPU
		{70C43D2D-5400-4B3F-A050-7776207F5E9E}.Debug|Any CPU.Build.0 = Debug|Any CPU
		{70C43D2D-5400-4B3F-A050-7776207F5E9E}.Release|Any CPU.ActiveCfg = Release|Any CPU
		{70C43D2D-5400-4B3F-A050-7776207F5E9E}.Release|Any CPU.Build.0 = Release|Any CPU
	EndGlobalSection
	GlobalSection(SolutionProperties) = preSolution
		HideSolutionNode = FALSE
	EndGlobalSection
	GlobalSection(ExtensibilityGlobals) = postSolution
		SolutionGuid = {15F7B5F2-0D2B-426C-BDC6-24027908505D}
	EndGlobalSection
EndGlobal
